
Microsoft Visual Studio Solution File, Format Version 12.00
# Visual Studio Version 16
VisualStudioVersion = 16.0.30309.148
MinimumVisualStudioVersion = 10.0.40219.1
Project("{FAE04EC0-301F-11D3-BF4B-00C04F79EFBC}") = "DCMS_APIServices", "DCMS_APIServices.csproj", "{5859100D-AAC9-413F-97B5-C6C644BC8C17}"
EndProject
Project("{FAE04EC0-301F-11D3-BF4B-00C04F79EFBC}") = "AttachmentUpload", "..\AttachmentUpload\AttachmentUpload.csproj", "{BB771896-712E-4493-987D-BE19F7FC555D}"
EndProject
Global
	GlobalSection(SolutionConfigurationPlatforms) = preSolution
		Debug|Any CPU = Debug|Any CPU
		Release|Any CPU = Release|Any CPU
	EndGlobalSection
	GlobalSection(ProjectConfigurationPlatforms) = postSolution
		{5859100D-AAC9-413F-97B5-C6C644BC8C17}.Debug|Any CPU.ActiveCfg = Debug|Any CPU
		{5859100D-AAC9-413F-97B5-C6C644BC8C17}.Debug|Any CPU.Build.0 = Debug|Any CPU
		{5859100D-AAC9-413F-97B5-C6C644BC8C17}.Release|Any CPU.ActiveCfg = Release|Any CPU
		{5859100D-AAC9-413F-97B5-C6C644BC8C17}.Release|Any CPU.Build.0 = Release|Any CPU
		{BB771896-712E-4493-987D-BE19F7FC555D}.Debug|Any CPU.ActiveCfg = Debug|Any CPU
		{BB771896-712E-4493-987D-BE19F7FC555D}.Debug|Any CPU.Build.0 = Debug|Any CPU
		{BB771896-712E-4493-987D-BE19F7FC555D}.Release|Any CPU.ActiveCfg = Release|Any CPU
		{BB771896-712E-4493-987D-BE19F7FC555D}.Release|Any CPU.Build.0 = Release|Any CPU
	EndGlobalSection
	GlobalSection(SolutionProperties) = preSolution
		HideSolutionNode = FALSE
	EndGlobalSection
	GlobalSection(ExtensibilityGlobals) = postSolution
		SolutionGuid = {DF481C17-998C-40AC-AFC5-94BD41357A61}
	EndGlobalSection
EndGlobal
