
Microsoft Visual Studio Solution File, Format Version 12.00
# Visual Studio Version 16
VisualStudioVersion = 16.0.30309.148
MinimumVisualStudioVersion = 10.0.40219.1
Project("{FAE04EC0-301F-11D3-BF4B-00C04F79EFBC}") = "DCMS_APIServices", "DCMS_APIServices.csproj", "{5859100D-AAC9-413F-97B5-C6C644BC8C17}"
EndProject
Project("{FAE04EC0-301F-11D3-BF4B-00C04F79EFBC}") = "AttachmentUpload", "..\AttachmentUpload\AttachmentUpload.csproj", "{BB771896-712E-4493-987D-BE19F7FC555D}"
EndProject
Project("{FAE04EC0-301F-11D3-BF4B-00C04F79EFBC}") = "NotificationHandler", "..\NotificationHandler\NotificationHandler.csproj", "{E33B84B5-03B5-40DD-97A8-D8A54542AE02}"
EndProject
Project("{FAE04EC0-301F-11D3-BF4B-00C04F79EFBC}") = "PersonalizationData", "..\PersonalizationData\PersonalizationData.csproj", "{423B4BDD-A07A-4546-B299-67AA1322F6DC}"
EndProject
Project("{FAE04EC0-301F-11D3-BF4B-00C04F79EFBC}") = "CopyDocument", "..\CopyDocument\CopyDocument.csproj", "{4A043FE5-BF0C-4538-BB4E-EAB43D7D20F9}"
EndProject
Project("{FAE04EC0-301F-11D3-BF4B-00C04F79EFBC}") = "CKEditor-TokenEndPoint", "..\CKEditor-TokenEndPoint\CKEditor-TokenEndPoint.csproj", "{ADDCDA35-F10C-492B-9D02-7170E13BA8DB}"
EndProject
Project("{FAE04EC0-301F-11D3-BF4B-00C04F79EFBC}") = "JiraIntegration", "..\JiraIntegration\JiraIntegration.csproj", "{303BECBF-0148-4B91-A6F3-1E0A230AD960}"
EndProject
Global
	GlobalSection(SolutionConfigurationPlatforms) = preSolution
		Debug|Any CPU = Debug|Any CPU
		Release|Any CPU = Release|Any CPU
	EndGlobalSection
	GlobalSection(ProjectConfigurationPlatforms) = postSolution
		{5859100D-AAC9-413F-97B5-C6C644BC8C17}.Debug|Any CPU.ActiveCfg = Debug|Any CPU
		{5859100D-AAC9-413F-97B5-C6C644BC8C17}.Debug|Any CPU.Build.0 = Debug|Any CPU
		{5859100D-AAC9-413F-97B5-C6C644BC8C17}.Release|Any CPU.ActiveCfg = Release|Any CPU
		{5859100D-AAC9-413F-97B5-C6C644BC8C17}.Release|Any CPU.Build.0 = Release|Any CPU
		{BB771896-712E-4493-987D-BE19F7FC555D}.Debug|Any CPU.ActiveCfg = Debug|Any CPU
		{BB771896-712E-4493-987D-BE19F7FC555D}.Debug|Any CPU.Build.0 = Debug|Any CPU
		{BB771896-712E-4493-987D-BE19F7FC555D}.Release|Any CPU.ActiveCfg = Release|Any CPU
		{BB771896-712E-4493-987D-BE19F7FC555D}.Release|Any CPU.Build.0 = Release|Any CPU
		{E33B84B5-03B5-40DD-97A8-D8A54542AE02}.Debug|Any CPU.ActiveCfg = Debug|Any CPU
		{E33B84B5-03B5-40DD-97A8-D8A54542AE02}.Debug|Any CPU.Build.0 = Debug|Any CPU
		{E33B84B5-03B5-40DD-97A8-D8A54542AE02}.Release|Any CPU.ActiveCfg = Release|Any CPU
		{E33B84B5-03B5-40DD-97A8-D8A54542AE02}.Release|Any CPU.Build.0 = Release|Any CPU
		{423B4BDD-A07A-4546-B299-67AA1322F6DC}.Debug|Any CPU.ActiveCfg = Debug|Any CPU
		{423B4BDD-A07A-4546-B299-67AA1322F6DC}.Debug|Any CPU.Build.0 = Debug|Any CPU
		{423B4BDD-A07A-4546-B299-67AA1322F6DC}.Release|Any CPU.ActiveCfg = Release|Any CPU
		{423B4BDD-A07A-4546-B299-67AA1322F6DC}.Release|Any CPU.Build.0 = Release|Any CPU
		{4A043FE5-BF0C-4538-BB4E-EAB43D7D20F9}.Debug|Any CPU.ActiveCfg = Debug|Any CPU
		{4A043FE5-BF0C-4538-BB4E-EAB43D7D20F9}.Debug|Any CPU.Build.0 = Debug|Any CPU
		{4A043FE5-BF0C-4538-BB4E-EAB43D7D20F9}.Release|Any CPU.ActiveCfg = Release|Any CPU
		{4A043FE5-BF0C-4538-BB4E-EAB43D7D20F9}.Release|Any CPU.Build.0 = Release|Any CPU
		{ADDCDA35-F10C-492B-9D02-7170E13BA8DB}.Debug|Any CPU.ActiveCfg = Debug|Any CPU
		{ADDCDA35-F10C-492B-9D02-7170E13BA8DB}.Debug|Any CPU.Build.0 = Debug|Any CPU
		{ADDCDA35-F10C-492B-9D02-7170E13BA8DB}.Release|Any CPU.ActiveCfg = Release|Any CPU
		{ADDCDA35-F10C-492B-9D02-7170E13BA8DB}.Release|Any CPU.Build.0 = Release|Any CPU
		{303BECBF-0148-4B91-A6F3-1E0A230AD960}.Debug|Any CPU.ActiveCfg = Debug|Any CPU
		{303BECBF-0148-4B91-A6F3-1E0A230AD960}.Debug|Any CPU.Build.0 = Debug|Any CPU
		{303BECBF-0148-4B91-A6F3-1E0A230AD960}.Release|Any CPU.ActiveCfg = Release|Any CPU
		{303BECBF-0148-4B91-A6F3-1E0A230AD960}.Release|Any CPU.Build.0 = Release|Any CPU
	EndGlobalSection
	GlobalSection(SolutionProperties) = preSolution
		HideSolutionNode = FALSE
	EndGlobalSection
	GlobalSection(ExtensibilityGlobals) = postSolution
		SolutionGuid = {DF481C17-998C-40AC-AFC5-94BD41357A61}
	EndGlobalSection
EndGlobal
